
Microsoft Visual Studio Solution File, Format Version 12.00
# Visual Studio Version 17
VisualStudioVersion = 17.0.31903.59
MinimumVisualStudioVersion = 10.0.40219.1
Project("{FAE04EC0-301F-11D3-BF4B-00C04F79EFBC}") = "BatchRenamer", "BatchRenamer\BatchRenamer.csproj", "{0EFA7153-0252-4639-AE0E-96F893300DDC}"
EndProject
Global
	GlobalSection(SolutionConfigurationPlatforms) = preSolution
		Debug|Any CPU = Debug|Any CPU
		Release|Any CPU = Release|Any CPU
	EndGlobalSection
	GlobalSection(ProjectConfigurationPlatforms) = postSolution
		{0EFA7153-0252-4639-AE0E-96F893300DDC}.Debug|Any CPU.ActiveCfg = Debug|Any CPU
		{0EFA7153-0252-4639-AE0E-96F893300DDC}.Debug|Any CPU.Build.0 = Debug|Any CPU
		{0EFA7153-0252-4639-AE0E-96F893300DDC}.Release|Any CPU.ActiveCfg = Release|Any CPU
		{0EFA7153-0252-4639-AE0E-96F893300DDC}.Release|Any CPU.Build.0 = Release|Any CPU
	EndGlobalSection
	GlobalSection(SolutionProperties) = preSolution
		HideSolutionNode = FALSE
	EndGlobalSection
	GlobalSection(ExtensibilityGlobals) = postSolution
		SolutionGuid = {3772B649-58A3-4CE7-B886-A73674F7A659}
	EndGlobalSection
EndGlobal
